[[package]]
name = "aniso8601"
version = "10.0.1"
description = "A library for parsing ISO 8601 strings."
category = "main"
optional = false
python-versions = "*"

[package.extras]
dev = ["black", "coverage", "isort", "pre-commit", "pyenchant", "pylint"]

[[package]]
name = "apispec"
version = "3.3.0"
description = "A pluggable API specification generator. Currently supports the OpenAPI Specification (f.k.a. the Swagger specification)."
category = "main"
optional = false
python-versions = ">=3.5"

[package.extras]
dev = ["PyYAML (>=3.10)", "prance[osv] (>=0.11)", "marshmallow (>=2.19.2)", "pytest", "mock", "flake8 (==3.7.9)", "flake8-bugbear (==20.1.4)", "pre-commit (>=1.20,<3.0)", "tox"]
docs = ["marshmallow (>=2.19.2)", "pyyaml (==5.3)", "sphinx (==2.4.1)", "sphinx-issues (==1.2.0)", "sphinx-rtd-theme (==0.4.3)"]
lint = ["flake8 (==3.7.9)", "flake8-bugbear (==20.1.4)", "pre-commit (>=1.20,<3.0)"]
tests = ["PyYAML (>=3.10)", "prance[osv] (>=0.11)", "marshmallow (>=2.19.2)", "pytest", "mock"]
validation = ["prance[osv] (>=0.11)"]
yaml = ["PyYAML (>=3.10)"]

[[package]]
name = "appdirs"
version = "1.4.4"
description = "A small Python module for determining appropriate platform-specific dirs, e.g. a \"user data dir\"."
category = "dev"
optional = false
python-versions = "*"

[[package]]
name = "atomicwrites"
version = "1.4.1"
description = "Atomic file writes."
category = "dev"
optional = false
python-versions = ">=2.7, !=3.0.*, !=3.1.*, !=3.2.*, !=3.3.*"

[[package]]
name = "attrs"
version = "25.3.0"
description = "Classes Without Boilerplate"
category = "dev"
optional = false
python-versions = ">=3.8"

[package.extras]
benchmark = ["cloudpickle", "hypothesis", "mypy (>=1.11.1)", "pympler", "pytest-codspeed", "pytest-mypy-plugins", "pytest-xdist", "pytest (>=4.3.0)"]
cov = ["cloudpickle", "coverage[toml] (>=5.3)", "hypothesis", "mypy (>=1.11.1)", "pympler", "pytest-mypy-plugins", "pytest-xdist", "pytest (>=4.3.0)"]
dev = ["cloudpickle", "hypothesis", "mypy (>=1.11.1)", "pre-commit-uv", "pympler", "pytest-mypy-plugins", "pytest-xdist", "pytest (>=4.3.0)"]
docs = ["cogapp", "furo", "myst-parser", "sphinx", "sphinx-notfound-page", "sphinxcontrib-towncrier", "towncrier"]
tests = ["cloudpickle", "hypothesis", "mypy (>=1.11.1)", "pympler", "pytest-mypy-plugins", "pytest-xdist", "pytest (>=4.3.0)"]
tests-mypy = ["mypy (>=1.11.1)", "pytest-mypy-plugins"]

[[package]]
name = "backports.tarfile"
version = "1.2.0"
description = "Backport of CPython tarfile module"
category = "dev"
optional = false
python-versions = ">=3.8"

[package.extras]
docs = ["sphinx (>=3.5)", "jaraco.packaging (>=9.3)", "rst.linker (>=1.9)", "furo", "sphinx-lint"]
testing = ["pytest (>=6,<8.1.0 || >=8.2.0)", "pytest-checkdocs (>=2.4)", "pytest-cov", "pytest-enabler (>=2.2)", "jaraco.test", "pytest (<8.0.0 || >=8.1.0)"]

[[package]]
name = "bandit"
version = "1.8.6"
description = "Security oriented static analyser for python code."
category = "dev"
optional = false
python-versions = ">=3.9"

[package.dependencies]
colorama = {version = ">=0.3.9", markers = "platform_system == \"Windows\""}
PyYAML = ">=5.3.1"
rich = "*"
stevedore = ">=1.20.0"

[package.extras]
baseline = ["GitPython (>=3.1.30)"]
sarif = ["sarif-om (>=1.0.4)", "jschema-to-python (>=1.2.3)"]
test = ["coverage (>=4.5.4)", "fixtures (>=3.0.0)", "flake8 (>=4.0.0)", "stestr (>=2.5.0)", "testscenarios (>=0.5.0)", "testtools (>=2.3.0)", "beautifulsoup4 (>=4.8.0)", "pylint (==1.9.4)"]
toml = ["tomli (>=1.1.0)"]
yaml = ["pyyaml"]

[[package]]
name = "black"
version = "19.10b0"
description = "The uncompromising code formatter."
category = "dev"
optional = false
python-versions = ">=3.6"

[package.dependencies]
appdirs = "*"
attrs = ">=18.1.0"
click = ">=6.5"
pathspec = ">=0.6,<1"
regex = "*"
toml = ">=0.9.4"
typed-ast = ">=1.4.0"

[package.extras]
d = ["aiohttp (>=3.3.2)", "aiohttp-cors"]

[[package]]
name = "blinker"
version = "1.9.0"
description = "Fast, simple object-to-object and broadcast signaling"
category = "main"
optional = false
python-versions = ">=3.9"

[[package]]
name = "cachetools"
version = "4.2.4"
description = "Extensible memoizing collections and decorators"
category = "main"
optional = false
python-versions = "~=3.5"

[[package]]
name = "certifi"
version = "2025.8.3"
description = "Python package for providing Mozilla's CA Bundle."
category = "main"
optional = false
python-versions = ">=3.7"

[[package]]
name = "cffi"
version = "2.0.0"
description = "Foreign Function Interface for Python calling C code."
category = "dev"
optional = false
python-versions = ">=3.9"

[package.dependencies]
pycparser = {version = "*", markers = "implementation_name != \"PyPy\""}

[[package]]
name = "charset-normalizer"
version = "3.4.3"
description = "The Real First Universal Charset Detector. Open, modern and actively maintained alternative to Chardet."
category = "main"
optional = false
python-versions = ">=3.7"

[[package]]
name = "click"
version = "8.1.8"
description = "Composable command line interface toolkit"
category = "main"
optional = false
python-versions = ">=3.7"

[package.dependencies]
colorama = {version = "*", markers = "platform_system == \"Windows\""}

[[package]]
name = "click-log"
version = "0.4.0"
description = "Logging integration for Click"
category = "dev"
optional = false
python-versions = "*"

[package.dependencies]
click = "*"

[[package]]
name = "colorama"
version = "0.4.6"
description = "Cross-platform colored terminal text."
category = "main"
optional = false
python-versions = "!=3.0.*,!=3.1.*,!=3.2.*,!=3.3.*,!=3.4.*,!=3.5.*,!=3.6.*,>=2.7"

[[package]]
name = "coverage"
version = "5.5"
description = "Code coverage measurement for Python"
category = "dev"
optional = false
python-versions = ">=2.7, !=3.0.*, !=3.1.*, !=3.2.*, !=3.3.*, !=3.4.*, <4"

[package.dependencies]
toml = {version = "*", optional = true, markers = "extra == \"toml\""}

[package.extras]
toml = ["toml"]

[[package]]
name = "coverage-conditional-plugin"
version = "0.5.0"
description = "Conditional coverage based on any rules you define!"
category = "dev"
optional = false
python-versions = ">=3.6,<4.0"

[package.dependencies]
coverage = ">=5,<7"
packaging = ">=20.4"

[[package]]
name = "cryptography"
version = "43.0.3"
description = "cryptography is a package which provides cryptographic recipes and primitives to Python developers."
category = "dev"
optional = false
python-versions = ">=3.7"

[package.dependencies]
cffi = {version = ">=1.12", markers = "platform_python_implementation != \"PyPy\""}

[package.extras]
ssh = ["bcrypt (>=3.1.5)"]
nox = ["nox"]
test = ["cryptography-vectors (==43.0.3)", "pytest (>=6.2.0)", "pytest-benchmark", "pytest-cov", "pytest-xdist", "pretend", "certifi"]
test-randomorder = ["pytest-randomly"]
docs = ["sphinx (>=5.3.0)", "sphinx-rtd-theme (>=1.1.1)"]
docstest = ["pyenchant (>=1.6.11)", "readme-renderer", "sphinxcontrib-spelling (>=4.0.1)"]
sdist = ["build"]
pep8test = ["ruff", "mypy", "check-sdist", "click"]

[[package]]
name = "docutils"
version = "0.22"
description = "Docutils -- Python Documentation Utilities"
category = "dev"
optional = false
python-versions = ">=3.9"

[[package]]
name = "dotty-dict"
version = "1.3.1"
description = "Dictionary wrapper for quick access to deeply nested keys."
category = "dev"
optional = false
python-versions = ">=3.5,<4.0"

[[package]]
name = "dparse"
version = "0.6.4"
description = "A parser for Python dependency files"
category = "dev"
optional = false
python-versions = ">=3.7"

[package.dependencies]
packaging = "*"
tomli = {version = "*", markers = "python_version < \"3.11\""}

[package.extras]
all = ["pipenv", "poetry", "pyyaml"]
conda = ["pyyaml"]
pipenv = ["pipenv"]
poetry = ["poetry"]

[[package]]
name = "faker"
version = "8.5.1"
description = "Faker is a Python package that generates fake data for you."
category = "dev"
optional = false
python-versions = ">=3.6"

[package.dependencies]
python-dateutil = ">=2.4"
text-unidecode = "1.3"

[[package]]
name = "flake8"
version = "3.9.2"
description = "the modular source code checker: pep8 pyflakes and co"
category = "dev"
optional = false
python-versions = "!=3.0.*,!=3.1.*,!=3.2.*,!=3.3.*,!=3.4.*,>=2.7"

[package.dependencies]
mccabe = ">=0.6.0,<0.7.0"
pycodestyle = ">=2.7.0,<2.8.0"
pyflakes = ">=2.3.0,<2.4.0"

[[package]]
name = "flake8-bandit"
version = "2.1.2"
description = "Automated security testing with bandit and flake8."
category = "dev"
optional = false
python-versions = "*"

[package.dependencies]
bandit = "*"
flake8 = "*"
flake8-polyfill = "*"
pycodestyle = "*"

[[package]]
name = "flake8-black"
version = "0.2.4"
description = "flake8 plugin to call black as a code style validator"
category = "dev"
optional = false
python-versions = "*"

[package.dependencies]
black = "*"
flake8 = ">=3.0.0"
toml = "*"

[[package]]
name = "flake8-broken-line"
version = "0.3.0"
description = "Flake8 plugin to forbid backslashes for line breaks"
category = "dev"
optional = false
python-versions = ">=3.6,<4.0"

[package.dependencies]
flake8 = ">=3.5,<4.0"

[[package]]
name = "flake8-bugbear"
version = "20.11.1"
description = "A plugin for flake8 finding likely bugs and design problems in your program. Contains warnings that don't belong in pyflakes and pycodestyle."
category = "dev"
optional = false
python-versions = ">=3.6"

[package.dependencies]
attrs = ">=19.2.0"
flake8 = ">=3.0.0"

[package.extras]
dev = ["coverage", "black", "hypothesis", "hypothesmith"]

[[package]]
name = "flake8-builtins"
version = "1.5.3"
description = "Check for python builtins being used as variables or parameters."
category = "dev"
optional = false
python-versions = "*"

[package.dependencies]
flake8 = "*"

[package.extras]
test = ["coverage", "coveralls", "mock", "pytest", "pytest-cov"]

[[package]]
name = "flake8-commas"
version = "2.1.0"
description = "Flake8 lint for trailing commas."
category = "dev"
optional = false
python-versions = "*"

[package.dependencies]
flake8 = ">=2"

[[package]]
name = "flake8-comprehensions"
version = "3.17.0"
description = "A flake8 plugin to help you write better list/set/dict comprehensions."
category = "dev"
optional = false
python-versions = ">=3.9"

[package.dependencies]
flake8 = ">=3,<3.2 || >3.2"

[[package]]
name = "flake8-import-order"
version = "0.18.2"
description = "Flake8 and pylama plugin that checks the ordering of import statements."
category = "dev"
optional = false
python-versions = "*"

[package.dependencies]
pycodestyle = "*"

[[package]]
name = "flake8-logging-format"
version = "0.6.0"
description = "Flake8 extension to validate (lack of) logging format strings"
category = "dev"
optional = false
python-versions = "*"

[[package]]
name = "flake8-polyfill"
version = "1.0.2"
description = "Polyfill package for Flake8 plugins"
category = "dev"
optional = false
python-versions = "*"

[package.dependencies]
flake8 = "*"

[[package]]
name = "flask"
version = "2.3.3"
description = "A simple framework for building complex web applications."
category = "main"
optional = false
python-versions = ">=3.8"

[package.dependencies]
blinker = ">=1.6.2"
click = ">=8.1.3"
importlib-metadata = {version = ">=3.6.0", markers = "python_version < \"3.10\""}
itsdangerous = ">=2.1.2"
Jinja2 = ">=3.1.2"
Werkzeug = ">=2.3.7"

[package.extras]
async = ["asgiref (>=3.2)"]
dotenv = ["python-dotenv"]

[[package]]
name = "flask-cors"
version = "4.0.2"
description = "A Flask extension adding a decorator for CORS support"
category = "main"
optional = false
python-versions = "*"

[package.dependencies]
Flask = ">=0.9"

[[package]]
name = "flask-restful"
version = "0.3.10"
description = "Simple framework for creating REST APIs"
category = "main"
optional = false
python-versions = "*"

[package.dependencies]
aniso8601 = ">=0.82"
Flask = ">=0.8"
pytz = "*"
six = ">=1.3.0"

[package.extras]
docs = ["sphinx"]

[[package]]
name = "flask-sqlalchemy"
version = "2.5.1"
description = "Adds SQLAlchemy support to your Flask application."
category = "main"
optional = false
python-versions = ">= 2.7, != 3.0.*, != 3.1.*, != 3.2.*, != 3.3.*"

[package.dependencies]
Flask = ">=0.10"
SQLAlchemy = ">=0.8.0"

[[package]]
name = "flask-swagger-ui"
version = "3.25.0"
description = "Swagger UI blueprint for Flask"
category = "main"
optional = false
python-versions = "*"

[package.dependencies]
flask = "*"

[[package]]
name = "gitdb"
version = "4.0.12"
description = "Git Object Database"
category = "dev"
optional = false
python-versions = ">=3.7"

[package.dependencies]
smmap = ">=3.0.1,<6"

[[package]]
name = "gitpython"
version = "3.1.45"
description = "GitPython is a Python library used to interact with Git repositories"
category = "dev"
optional = false
python-versions = ">=3.7"

[package.dependencies]
gitdb = ">=4.0.1,<5"
typing-extensions = {version = ">=3.10.0.2", markers = "python_version < \"3.10\""}

[package.extras]
test = ["coverage", "ddt (>=1.1.1,!=1.4.3)", "mock", "mypy", "pre-commit", "pytest (>=7.3.1)", "pytest-cov", "pytest-instafail", "pytest-mock", "pytest-sugar", "typing-extensions"]
doc = ["sphinx (>=7.1.2,<7.2)", "sphinx-rtd-theme", "sphinx-autodoc-typehints"]

[[package]]
name = "greenlet"
version = "3.2.4"
description = "Lightweight in-process concurrent programming"
category = "main"
optional = false
python-versions = ">=3.9"

[package.extras]
docs = ["sphinx", "furo"]
test = ["objgraph", "psutil", "setuptools"]

[[package]]
name = "icdiff"
version = "2.0.7"
description = "improved colored diff"
category = "dev"
optional = false
python-versions = "*"

[[package]]
name = "idna"
version = "3.10"
description = "Internationalized Domain Names in Applications (IDNA)"
category = "main"
optional = false
python-versions = ">=3.6"

[package.extras]
all = ["ruff (>=0.6.2)", "mypy (>=1.11.2)", "pytest (>=8.3.2)", "flake8 (>=7.1.1)"]

[[package]]
name = "importlib-metadata"
version = "8.7.0"
description = "Read metadata from Python packages"
category = "main"
optional = false
python-versions = ">=3.9"

[package.dependencies]
zipp = ">=3.20"

[package.extras]
test = ["pytest (>=6,<8.1.0 || >=8.2.0)", "importlib_resources (>=1.3)", "packaging", "pyfakefs", "flufl.flake8", "pytest-perf (>=0.9.2)", "jaraco.test (>=5.4)"]
doc = ["sphinx (>=3.5)", "jaraco.packaging (>=9.3)", "rst.linker (>=1.9)", "furo", "sphinx-lint", "jaraco.tidelift (>=1.4)"]
perf = ["ipython"]
check = ["pytest-checkdocs (>=2.4)", "pytest-ruff (>=0.2.1)"]
cover = ["pytest-cov"]
enabler = ["pytest-enabler (>=2.2)"]
type = ["pytest-mypy"]

[[package]]
name = "iniconfig"
version = "2.1.0"
description = "brain-dead simple config-ini parsing"
category = "dev"
optional = false
python-versions = ">=3.8"

[[package]]
name = "invoke"
version = "2.2.0"
description = "Pythonic task execution"
category = "dev"
optional = false
python-versions = ">=3.6"

[[package]]
name = "itsdangerous"
version = "2.2.0"
description = "Safely pass data to untrusted environments and back."
category = "main"
optional = false
python-versions = ">=3.8"

[[package]]
name = "jaraco.classes"
version = "3.4.0"
description = "Utility functions for Python class constructs"
category = "dev"
optional = false
python-versions = ">=3.8"

[package.dependencies]
more-itertools = "*"

[package.extras]
docs = ["sphinx (>=3.5)", "jaraco.packaging (>=9.3)", "rst.linker (>=1.9)", "furo", "sphinx-lint", "jaraco.tidelift (>=1.4)"]
testing = ["pytest (>=6)", "pytest-checkdocs (>=2.4)", "pytest-cov", "pytest-mypy", "pytest-enabler (>=2.2)", "pytest-ruff (>=0.2.1)"]

[[package]]
name = "jaraco.context"
version = "6.0.1"
description = "Useful decorators and context managers"
category = "dev"
optional = false
python-versions = ">=3.8"

[package.dependencies]
"backports.tarfile" = {version = "*", markers = "python_version < \"3.12\""}

[package.extras]
doc = ["sphinx (>=3.5)", "jaraco.packaging (>=9.3)", "rst.linker (>=1.9)", "furo", "sphinx-lint", "jaraco.tidelift (>=1.4)"]
test = ["pytest (>=6,<8.1.0 || >=8.2.0)", "pytest-checkdocs (>=2.4)", "pytest-cov", "pytest-mypy", "pytest-enabler (>=2.2)", "portend", "pytest-ruff (>=0.2.1)"]

[[package]]
name = "jaraco.functools"
version = "4.3.0"
description = "Functools like those found in stdlib"
category = "dev"
optional = false
python-versions = ">=3.9"

[package.dependencies]
more_itertools = "*"

[package.extras]
test = ["pytest (>=6,<8.1.0 || >=8.2.0)", "jaraco.classes"]
doc = ["sphinx (>=3.5)", "jaraco.packaging (>=9.3)", "rst.linker (>=1.9)", "furo", "sphinx-lint", "jaraco.tidelift (>=1.4)"]
check = ["pytest-checkdocs (>=2.4)", "pytest-ruff (>=0.2.1)"]
cover = ["pytest-cov"]
enabler = ["pytest-enabler (>=2.2)"]
type = ["pytest-mypy"]

[[package]]
name = "jeepney"
version = "0.9.0"
description = "Low-level, pure Python DBus protocol wrapper."
category = "dev"
optional = false
python-versions = ">=3.7"

[package.extras]
test = ["pytest", "pytest-trio", "pytest-asyncio (>=0.17)", "testpath", "trio", "async-timeout"]
trio = ["trio"]

[[package]]
name = "jinja2"
version = "3.1.6"
description = "A very fast and expressive template engine."
category = "main"
optional = false
python-versions = ">=3.7"

[package.dependencies]
MarkupSafe = ">=2.0"

[package.extras]
i18n = ["Babel (>=2.7)"]

[[package]]
name = "keyring"
version = "25.6.0"
description = "Store and access your passwords safely."
category = "dev"
optional = false
python-versions = ">=3.9"

[package.dependencies]
importlib_metadata = {version = ">=4.11.4", markers = "python_version < \"3.12\""}
"jaraco.classes" = "*"
"jaraco.context" = "*"
"jaraco.functools" = "*"
jeepney = {version = ">=0.4.2", markers = "sys_platform == \"linux\""}
pywin32-ctypes = {version = ">=0.2.0", markers = "sys_platform == \"win32\""}
SecretStorage = {version = ">=3.2", markers = "sys_platform == \"linux\""}

[package.extras]
test = ["pytest (>=6,<8.1.0 || >=8.2.0)", "pyfakefs"]
doc = ["sphinx (>=3.5)", "jaraco.packaging (>=9.3)", "rst.linker (>=1.9)", "furo", "sphinx-lint", "jaraco.tidelift (>=1.4)"]
check = ["pytest-checkdocs (>=2.4)", "pytest-ruff (>=0.2.1)"]
cover = ["pytest-cov"]
enabler = ["pytest-enabler (>=2.2)"]
type = ["pytest-mypy", "pygobject-stubs", "shtab", "types-pywin32"]
completion = ["shtab (>=1.1.0)"]

[[package]]
name = "markdown-it-py"
version = "3.0.0"
description = "Python port of markdown-it. Markdown parsing, done right!"
category = "dev"
optional = false
python-versions = ">=3.8"

[package.dependencies]
mdurl = ">=0.1,<1.0"

[package.extras]
benchmarking = ["psutil", "pytest", "pytest-benchmark"]
code_style = ["pre-commit (>=3.0,<4.0)"]
compare = ["commonmark (>=0.9,<1.0)", "markdown (>=3.4,<4.0)", "mistletoe (>=1.0,<2.0)", "mistune (>=2.0,<3.0)", "panflute (>=2.3,<3.0)"]
linkify = ["linkify-it-py (>=1,<3)"]
plugins = ["mdit-py-plugins"]
profiling = ["gprof2dot"]
rtd = ["mdit-py-plugins", "myst-parser", "pyyaml", "sphinx", "sphinx-copybutton", "sphinx-design", "sphinx-book-theme", "jupyter-sphinx"]
testing = ["coverage", "pytest", "pytest-cov", "pytest-regressions"]

[[package]]
name = "markupsafe"
version = "3.0.2"
description = "Safely add untrusted strings to HTML/XML markup."
category = "main"
optional = false
python-versions = ">=3.9"

[[package]]
name = "mccabe"
version = "0.6.1"
description = "McCabe checker, plugin for flake8"
category = "dev"
optional = false
python-versions = "*"

[[package]]
name = "mdurl"
version = "0.1.2"
description = "Markdown URL utilities"
category = "dev"
optional = false
python-versions = ">=3.7"

[[package]]
name = "more-itertools"
version = "10.8.0"
description = "More routines for operating on iterables, beyond itertools"
category = "dev"
optional = false
python-versions = ">=3.9"

[[package]]
name = "nh3"
version = "0.3.0"
description = "Python binding to Ammonia HTML sanitizer Rust crate"
category = "dev"
optional = false
python-versions = ">=3.8"

[[package]]
name = "packaging"
version = "21.3"
description = "Core utilities for Python packages"
category = "dev"
optional = false
python-versions = ">=3.6"

[package.dependencies]
pyparsing = ">=2.0.2,<3.0.5 || >3.0.5"

[[package]]
name = "pathspec"
version = "0.12.1"
description = "Utility library for gitignore style pattern matching of file paths."
category = "dev"
optional = false
python-versions = ">=3.8"

[[package]]
name = "pep8-naming"
version = "0.11.1"
description = "Check PEP-8 naming conventions, plugin for flake8"
category = "dev"
optional = false
python-versions = "*"

[package.dependencies]
flake8-polyfill = ">=1.0.2,<2"

[[package]]
name = "pip-tools"
version = "5.3.1"
description = "pip-tools keeps your pinned dependencies fresh."
category = "dev"
optional = false
python-versions = "!=3.0.*,!=3.1.*,!=3.2.*,!=3.3.*,!=3.4.*,>=2.7"

[package.dependencies]
click = ">=7"
six = "*"

[package.extras]
coverage = ["pytest-cov"]
testing = ["mock", "pytest", "pytest-rerunfailures"]

[[package]]
name = "pkginfo"
version = "1.12.1.2"
description = "Query metadata from sdists / bdists / installed packages."
category = "dev"
optional = false
python-versions = ">=3.8"

[package.extras]
testing = ["pytest", "pytest-cov", "wheel"]

[[package]]
name = "pluggy"
version = "1.6.0"
description = "plugin and hook calling mechanisms for python"
category = "dev"
optional = false
python-versions = ">=3.9"

[package.extras]
dev = ["pre-commit", "tox"]
testing = ["pytest", "pytest-benchmark", "coverage"]

[[package]]
name = "pprintpp"
version = "0.4.0"
description = "A drop-in replacement for pprint that's actually pretty"
category = "dev"
optional = false
python-versions = "*"

[[package]]
name = "py"
version = "1.11.0"
description = "library with cross-python path, ini-parsing, io, code, log facilities"
category = "dev"
optional = false
python-versions = ">=2.7, !=3.0.*, !=3.1.*, !=3.2.*, !=3.3.*, !=3.4.*"

[[package]]
name = "py-object-pool"
version = "1.1"
description = "Object pool creation library"
category = "main"
optional = false
python-versions = ">=3.6"

[[package]]
name = "pycodestyle"
version = "2.7.0"
description = "Python style guide checker"
category = "dev"
optional = false
python-versions = ">=2.7, !=3.0.*, !=3.1.*, !=3.2.*, !=3.3.*"

[[package]]
name = "pycparser"
version = "2.23"
description = "C parser in Python"
category = "dev"
optional = false
python-versions = ">=3.8"

[[package]]
name = "pydantic"
version = "1.10.22"
description = "Data validation and settings management using python type hints"
category = "main"
optional = false
python-versions = ">=3.7"

[package.dependencies]
typing-extensions = ">=4.2.0"

[package.extras]
email = ["email-validator (>=1.0.3)"]
dotenv = ["python-dotenv (>=0.10.4)"]

[[package]]
name = "pyflakes"
version = "2.3.1"
description = "passive checker of Python programs"
category = "dev"
optional = false
python-versions = ">=2.7, !=3.0.*, !=3.1.*, !=3.2.*, !=3.3.*"

[[package]]
name = "pygments"
version = "2.19.2"
description = "Pygments is a syntax highlighting package written in Python."
category = "dev"
optional = false
python-versions = ">=3.8"

[package.extras]
windows-terminal = ["colorama (>=0.4.6)"]

[[package]]
name = "pymysql"
version = "1.0.2"
description = "Pure Python MySQL Driver"
category = "main"
optional = false
python-versions = ">=3.6"

[package.extras]
ed25519 = ["PyNaCl (>=1.4.0)"]
rsa = ["cryptography"]

[[package]]
name = "pyparsing"
version = "3.2.3"
description = "pyparsing module - Classes and methods to define and execute parsing grammars"
category = "dev"
optional = false
python-versions = ">=3.9"

[package.extras]
diagrams = ["railroad-diagrams", "jinja2"]

[[package]]
name = "pytest"
version = "6.2.5"
description = "pytest: simple powerful testing with Python"
category = "dev"
optional = false
python-versions = ">=3.6"

[package.dependencies]
atomicwrites = {version = ">=1.0", markers = "sys_platform == \"win32\""}
attrs = ">=19.2.0"
colorama = {version = "*", markers = "sys_platform == \"win32\""}
iniconfig = "*"
packaging = "*"
pluggy = ">=0.12,<2.0"
py = ">=1.8.2"
toml = "*"

[package.extras]
testing = ["argcomplete", "hypothesis (>=3.56)", "mock", "nose", "requests", "xmlschema"]

[[package]]
name = "pytest-cov"
version = "2.12.1"
description = "Pytest plugin for measuring coverage."
category = "dev"
optional = false
python-versions = ">=2.7, !=3.0.*, !=3.1.*, !=3.2.*, !=3.3.*, !=3.4.*"

[package.dependencies]
coverage = ">=5.2.1"
pytest = ">=4.6"
toml = "*"

[package.extras]
testing = ["fields", "hunter", "process-tests", "six", "pytest-xdist", "virtualenv"]

[[package]]
name = "pytest-icdiff"
version = "0.5"
description = "use icdiff for better error messages in pytest assertions"
category = "dev"
optional = false
python-versions = ">=3.6"

[package.dependencies]
icdiff = "*"
pprintpp = "*"
pytest = "*"

[[package]]
name = "python-dateutil"
version = "2.9.0.post0"
description = "Extensions to the standard Python datetime module"
category = "main"
optional = false
python-versions = "!=3.0.*,!=3.1.*,!=3.2.*,>=2.7"

[package.dependencies]
six = ">=1.5"

[[package]]
name = "python-gitlab"
version = "3.15.0"
description = "Interact with GitLab API"
category = "dev"
optional = false
python-versions = ">=3.7.0"

[package.dependencies]
requests = ">=2.25.0"
requests-toolbelt = ">=0.10.1"

[package.extras]
autocompletion = ["argcomplete (>=1.10.0,<3)"]
yaml = ["PyYaml (>=5.2)"]

[[package]]
name = "python-icat"
version = "1.0.0"
description = "Python interface to ICAT and IDS"
category = "main"
optional = false
python-versions = ">=3.4"

[[package]]
name = "python-semantic-release"
version = "7.34.6"
description = "Automatic Semantic Versioning for Python projects"
category = "dev"
optional = false
python-versions = "*"

[package.dependencies]
click = ">=7,<9"
click-log = ">=0.3,<1"
dotty-dict = ">=1.3.0,<2"
gitpython = ">=3.0.8,<4"
invoke = ">=1.4.1,<3"
packaging = "*"
python-gitlab = ">=2,<4"
requests = ">=2.25,<3"
semver = ">=2.10,<3"
tomlkit = ">=0.10,<1.0"
twine = ">=3,<4"

[package.extras]
dev = ["tox", "isort", "black"]
docs = ["Sphinx (==1.8.6)", "Jinja2 (==3.0.3)"]
mypy = ["mypy", "types-requests"]
test = ["coverage (>=5,<6)", "pytest (>=7,<8)", "pytest-xdist (>=1,<2)", "pytest-mock (>=2,<3)", "responses (==0.13.3)", "mock (==1.3.0)"]

[[package]]
name = "pytz"
version = "2025.2"
description = "World timezone definitions, modern and historical"
category = "main"
optional = false
python-versions = "*"

[[package]]
name = "pywin32-ctypes"
version = "0.2.3"
description = "A (partial) reimplementation of pywin32 using ctypes/cffi"
category = "dev"
optional = false
python-versions = ">=3.6"

[[package]]
name = "pyyaml"
version = "6.0.2"
description = "YAML parser and emitter for Python"
category = "main"
optional = false
python-versions = ">=3.8"

[[package]]
name = "readme-renderer"
version = "44.0"
description = "readme_renderer is a library for rendering readme descriptions for Warehouse"
category = "dev"
optional = false
python-versions = ">=3.9"

[package.dependencies]
docutils = ">=0.21.2"
nh3 = ">=0.2.14"
Pygments = ">=2.5.1"

[package.extras]
md = ["cmarkgfm (>=0.8.0)"]

[[package]]
name = "regex"
version = "2025.9.1"
description = "Alternative regular expression module, to replace re."
category = "dev"
optional = false
python-versions = ">=3.9"

[[package]]
name = "requests"
version = "2.32.5"
description = "Python HTTP for Humans."
category = "main"
optional = false
python-versions = ">=3.9"

[package.dependencies]
certifi = ">=2017.4.17"
charset_normalizer = ">=2,<4"
idna = ">=2.5,<4"
urllib3 = ">=1.21.1,<3"

[package.extras]
socks = ["PySocks (>=1.5.6,!=1.5.7)"]
use-chardet-on-py3 = ["chardet (>=3.0.2,<6)"]

[[package]]
name = "requests-toolbelt"
version = "1.0.0"
description = "A utility belt for advanced users of python-requests"
category = "dev"
optional = false
python-versions = ">=2.7, !=3.0.*, !=3.1.*, !=3.2.*, !=3.3.*"

[package.dependencies]
requests = ">=2.0.1,<3.0.0"

[[package]]
name = "rfc3986"
version = "2.0.0"
description = "Validating URI References per RFC 3986"
category = "dev"
optional = false
python-versions = ">=3.7"

[package.extras]
idna2008 = ["idna"]

[[package]]
name = "rich"
version = "14.1.0"
description = "Render rich text, tables, progress bars, syntax highlighting, markdown and more to the terminal"
category = "dev"
optional = false
python-versions = ">=3.8.0"

[package.dependencies]
markdown-it-py = ">=2.2.0"
pygments = ">=2.13.0,<3.0.0"

[package.extras]
jupyter = ["ipywidgets (>=7.5.1,<9)"]

[[package]]
name = "ruamel.yaml"
version = "0.18.15"
description = "ruamel.yaml is a YAML parser/emitter that supports roundtrip preservation of comments, seq/map flow style, and map key order"
category = "dev"
optional = false
python-versions = ">=3.8"

[package.dependencies]
"ruamel.yaml.clib" = {version = ">=0.2.7", markers = "platform_python_implementation == \"CPython\" and python_version < \"3.14\""}

[package.extras]
jinja2 = ["ruamel.yaml.jinja2 (>=0.2)"]
docs = ["ryd", "mercurial (>5.7)"]

[[package]]
name = "ruamel.yaml.clib"
version = "0.2.12"
description = "C version of reader, parser and emitter for ruamel.yaml derived from libyaml"
category = "dev"
optional = false
python-versions = ">=3.9"

[[package]]
name = "safety"
version = "2.3.5"
description = "Checks installed dependencies for known vulnerabilities and licenses."
category = "dev"
optional = false
python-versions = "*"

[package.dependencies]
Click = ">=8.0.2"
dparse = ">=0.6.2"
packaging = ">=21.0,<22.0"
requests = "*"
"ruamel.yaml" = ">=0.17.21"

[package.extras]
github = ["pygithub (>=1.43.3)", "jinja2 (>=3.1.0)"]
gitlab = ["python-gitlab (>=1.3.0)"]

[[package]]
name = "secretstorage"
version = "3.3.3"
description = "Python bindings to FreeDesktop.org Secret Service API"
category = "dev"
optional = false
python-versions = ">=3.6"

[package.dependencies]
cryptography = ">=2.0"
jeepney = ">=0.6"

[[package]]
name = "semver"
version = "2.13.0"
description = "Python helper for Semantic Versioning (http://semver.org/)"
category = "dev"
optional = false
python-versions = ">=2.7, !=3.0.*, !=3.1.*, !=3.2.*, !=3.3.*"

[[package]]
name = "six"
version = "1.17.0"
description = "Python 2 and 3 compatibility utilities"
category = "main"
optional = false
python-versions = "!=3.0.*,!=3.1.*,!=3.2.*,>=2.7"

[[package]]
name = "smmap"
version = "5.0.2"
description = "A pure Python implementation of a sliding window memory map manager"
category = "dev"
optional = false
python-versions = ">=3.7"

[[package]]
name = "sqlalchemy"
version = "1.4.54"
description = "Database Abstraction Library"
category = "main"
optional = false
python-versions = "!=3.0.*,!=3.1.*,!=3.2.*,!=3.3.*,!=3.4.*,!=3.5.*,>=2.7"

[package.dependencies]
greenlet = {version = "!=0.4.17", markers = "python_version >= \"3\" and (platform_machine == \"aarch64\" or platform_machine == \"ppc64le\" or platform_machine == \"x86_64\" or platform_machine == \"amd64\" or platform_machine == \"AMD64\" or platform_machine == \"win32\" or platform_machine == \"WIN32\")"}

[package.extras]
asyncio = ["greenlet (!=0.4.17)"]
mypy = ["mypy (>=0.910)", "sqlalchemy2-stubs"]
mssql = ["pyodbc"]
mssql-pymssql = ["pymssql", "pymssql"]
mssql-pyodbc = ["pyodbc", "pyodbc"]
mysql = ["mysqlclient (>=1.4.0,<2)", "mysqlclient (>=1.4.0)"]
mysql-connector = ["mysql-connector-python", "mysql-connector-python"]
mariadb-connector = ["mariadb (>=1.0.1,!=1.1.2)", "mariadb (>=1.0.1,!=1.1.2)"]
oracle = ["cx_oracle (>=7,<8)", "cx_oracle (>=7)"]
postgresql = ["psycopg2 (>=2.7)"]
postgresql-pg8000 = ["pg8000 (>=1.16.6,!=1.29.0)", "pg8000 (>=1.16.6,!=1.29.0)"]
postgresql-asyncpg = ["greenlet (!=0.4.17)", "asyncpg", "greenlet (!=0.4.17)", "asyncpg"]
pymysql = ["pymysql", "pymysql (<1)"]
aiomysql = ["greenlet (!=0.4.17)", "aiomysql (>=0.2.0)"]
asyncmy = ["greenlet (!=0.4.17)", "asyncmy (>=0.2.3,!=0.2.4)"]
aiosqlite = ["greenlet (!=0.4.17)", "aiosqlite", "typing_extensions (!=3.10.0.1)"]
sqlcipher = ["sqlcipher3-binary"]
postgresql-psycopg2binary = ["psycopg2-binary"]
postgresql-psycopg2cffi = ["psycopg2cffi"]

[[package]]
name = "stevedore"
version = "5.5.0"
description = "Manage dynamic plugins for Python applications"
category = "dev"
optional = false
python-versions = ">=3.9"

[[package]]
name = "suds-community"
version = "0.8.5"
description = "Lightweight SOAP client (community fork)"
category = "main"
optional = false
python-versions = "*"

[[package]]
name = "text-unidecode"
version = "1.3"
description = "The most basic Text::Unidecode port"
category = "dev"
optional = false
python-versions = "*"

[[package]]
name = "toml"
version = "0.10.2"
description = "Python Library for Tom's Obvious, Minimal Language"
category = "dev"
optional = false
python-versions = ">=2.6, !=3.0.*, !=3.1.*, !=3.2.*"

[[package]]
name = "tomli"
version = "2.2.1"
description = "A lil' TOML parser"
category = "dev"
optional = false
python-versions = ">=3.8"

[[package]]
name = "tomlkit"
version = "0.13.3"
description = "Style preserving TOML library"
category = "dev"
optional = false
python-versions = ">=3.8"

[[package]]
name = "tqdm"
version = "4.67.1"
description = "Fast, Extensible Progress Meter"
category = "dev"
optional = false
python-versions = ">=3.7"

[package.dependencies]
colorama = {version = "*", markers = "platform_system == \"Windows\""}

[package.extras]
dev = ["pytest (>=6)", "pytest-cov", "pytest-timeout", "pytest-asyncio (>=0.24)", "nbval"]
discord = ["requests"]
slack = ["slack-sdk"]
telegram = ["requests"]
notebook = ["ipywidgets (>=6)"]

[[package]]
name = "twine"
version = "3.8.0"
description = "Collection of utilities for publishing packages on PyPI"
category = "dev"
optional = false
python-versions = ">=3.6"

[package.dependencies]
colorama = ">=0.4.3"
importlib-metadata = ">=3.6"
keyring = ">=15.1"
pkginfo = ">=1.8.1"
readme-renderer = ">=21.0"
requests = ">=2.20"
requests-toolbelt = ">=0.8.0,<0.9.0 || >0.9.0"
rfc3986 = ">=1.4.0"
tqdm = ">=4.14"
urllib3 = ">=1.26.0"

[[package]]
name = "typed-ast"
version = "1.5.5"
description = "a fork of Python 2 and 3 ast modules with type comment support"
category = "dev"
optional = false
python-versions = ">=3.6"

[[package]]
name = "typing-extensions"
version = "4.15.0"
description = "Backported and Experimental Type Hints for Python 3.9+"
category = "main"
optional = false
python-versions = ">=3.9"

[[package]]
name = "urllib3"
version = "2.5.0"
description = "HTTP library with thread-safe connection pooling, file post, and more."
category = "main"
optional = false
python-versions = ">=3.9"

[package.extras]
brotli = ["brotli (>=1.0.9)", "brotlicffi (>=0.8.0)"]
h2 = ["h2 (>=4,<5)"]
socks = ["pysocks (>=1.5.6,!=1.5.7,<2.0)"]
zstd = ["zstandard (>=0.18.0)"]

[[package]]
name = "werkzeug"
version = "3.1.3"
description = "The comprehensive WSGI web application library."
category = "main"
optional = false
python-versions = ">=3.9"

[package.dependencies]
MarkupSafe = ">=2.1.1"

[package.extras]
watchdog = ["watchdog (>=2.3)"]

[[package]]
name = "zipp"
version = "3.23.0"
description = "Backport of pathlib-compatible object wrapper for zip files"
category = "main"
optional = false
python-versions = ">=3.9"

[package.extras]
test = ["pytest (>=6,<8.1.0 || >=8.2.0)", "jaraco.itertools", "jaraco.functools", "more-itertools", "big-o", "pytest-ignore-flaky", "jaraco.test"]
doc = ["sphinx (>=3.5)", "jaraco.packaging (>=9.3)", "rst.linker (>=1.9)", "furo", "sphinx-lint", "jaraco.tidelift (>=1.4)"]
check = ["pytest-checkdocs (>=2.4)", "pytest-ruff (>=0.2.1)"]
cover = ["pytest-cov"]
enabler = ["pytest-enabler (>=2.2)"]
type = ["pytest-mypy"]

[metadata]
lock-version = "1.1"
python-versions = ">=3.9.0,<4.0"
content-hash = "21f56a7161751d016f3f73e900dcf36641fa06a5e3ddf931206db8cea8931c6a"

[metadata.files]
aniso8601 = []
apispec = []
appdirs = []
atomicwrites = []
attrs = []
"backports.tarfile" = []
bandit = []
black = []
blinker = []
cachetools = []
certifi = []
cffi = []
charset-normalizer = []
click = []
click-log = []
colorama = []
coverage = []
coverage-conditional-plugin = []
cryptography = []
docutils = []
dotty-dict = []
dparse = []
faker = []
flake8 = []
flake8-bandit = []
flake8-black = []
flake8-broken-line = []
flake8-bugbear = []
flake8-builtins = []
flake8-commas = []
flake8-comprehensions = []
flake8-import-order = []
flake8-logging-format = []
flake8-polyfill = []
flask = []
flask-cors = []
flask-restful = []
flask-sqlalchemy = []
flask-swagger-ui = []
gitdb = []
gitpython = []
greenlet = []
icdiff = []
idna = []
importlib-metadata = []
iniconfig = []
invoke = []
itsdangerous = []
"jaraco.classes" = []
"jaraco.context" = []
"jaraco.functools" = []
jeepney = []
jinja2 = []
keyring = []
markdown-it-py = []
markupsafe = []
mccabe = []
mdurl = []
more-itertools = []
nh3 = []
packaging = []
pathspec = []
pep8-naming = []
pip-tools = []
pkginfo = []
pluggy = []
pprintpp = []
py = []
py-object-pool = []
pycodestyle = []
pycparser = []
pydantic = []
pyflakes = []
pygments = []
pymysql = []
pyparsing = []
pytest = []
pytest-cov = []
pytest-icdiff = []
python-dateutil = []
python-gitlab = []
python-icat = []
python-semantic-release = []
pytz = []
pywin32-ctypes = []
pyyaml = []
readme-renderer = []
regex = []
requests = []
requests-toolbelt = []
rfc3986 = []
rich = []
"ruamel.yaml" = []
"ruamel.yaml.clib" = []
safety = []
secretstorage = []
semver = []
six = []
smmap = []
sqlalchemy = []
stevedore = []
suds-community = []
text-unidecode = []
toml = []
tomli = []
tomlkit = []
tqdm = []
twine = []
typed-ast = []
typing-extensions = []
urllib3 = []
werkzeug = []
zipp = []
